
Microsoft Visual Studio Solution File, Format Version 12.00
# Visual Studio Version 17
VisualStudioVersion = 17.8.34525.116
MinimumVisualStudioVersion = 10.0.40219.1
Project("{FAE04EC0-301F-11D3-BF4B-00C04F79EFBC}") = "BEComentarios", "BEComentarios\BEComentarios.csproj", "{F67A63E8-6E7A-44FA-A0A0-28AC8EB8BEA0}"
EndProject
Global
	GlobalSection(SolutionConfigurationPlatforms) = preSolution
		Debug|Any CPU = Debug|Any CPU
		Release|Any CPU = Release|Any CPU
	EndGlobalSection
	GlobalSection(ProjectConfigurationPlatforms) = postSolution
		{F67A63E8-6E7A-44FA-A0A0-28AC8EB8BEA0}.Debug|Any CPU.ActiveCfg = Debug|Any CPU
		{F67A63E8-6E7A-44FA-A0A0-28AC8EB8BEA0}.Debug|Any CPU.Build.0 = Debug|Any CPU
		{F67A63E8-6E7A-44FA-A0A0-28AC8EB8BEA0}.Release|Any CPU.ActiveCfg = Release|Any CPU
		{F67A63E8-6E7A-44FA-A0A0-28AC8EB8BEA0}.Release|Any CPU.Build.0 = Release|Any CPU
	EndGlobalSection
	GlobalSection(SolutionProperties) = preSolution
		HideSolutionNode = FALSE
	EndGlobalSection
	GlobalSection(ExtensibilityGlobals) = postSolution
		SolutionGuid = {F79037F6-BD95-4643-A2C7-14A4E0602E33}
	EndGlobalSection
EndGlobal
